
Microsoft Visual Studio Solution File, Format Version 12.00
# Visual Studio Version 16
VisualStudioVersion = 16.0.29519.87
MinimumVisualStudioVersion = 10.0.40219.1
Project("{FAE04EC0-301F-11D3-BF4B-00C04F79EFBC}") = "Console", "Console\Console.csproj", "{3B8572FF-957B-4C97-B6C7-25E89CF38268}"
EndProject
Project("{FAE04EC0-301F-11D3-BF4B-00C04F79EFBC}") = "CalculatorUnitTest", "CalculatorUnitTest\CalculatorUnitTest.csproj", "{8A0B010B-61CB-4845-9CB3-13858BCE09C8}"
EndProject
Global
	GlobalSection(SolutionConfigurationPlatforms) = preSolution
		Debug|Any CPU = Debug|Any CPU
		Release|Any CPU = Release|Any CPU
	EndGlobalSection
	GlobalSection(ProjectConfigurationPlatforms) = postSolution
		{3B8572FF-957B-4C97-B6C7-25E89CF38268}.Debug|Any CPU.ActiveCfg = Debug|Any CPU
		{3B8572FF-957B-4C97-B6C7-25E89CF38268}.Debug|Any CPU.Build.0 = Debug|Any CPU
		{3B8572FF-957B-4C97-B6C7-25E89CF38268}.Release|Any CPU.ActiveCfg = Release|Any CPU
		{3B8572FF-957B-4C97-B6C7-25E89CF38268}.Release|Any CPU.Build.0 = Release|Any CPU
		{8A0B010B-61CB-4845-9CB3-13858BCE09C8}.Debug|Any CPU.ActiveCfg = Debug|Any CPU
		{8A0B010B-61CB-4845-9CB3-13858BCE09C8}.Debug|Any CPU.Build.0 = Debug|Any CPU
		{8A0B010B-61CB-4845-9CB3-13858BCE09C8}.Release|Any CPU.ActiveCfg = Release|Any CPU
		{8A0B010B-61CB-4845-9CB3-13858BCE09C8}.Release|Any CPU.Build.0 = Release|Any CPU
	EndGlobalSection
	GlobalSection(SolutionProperties) = preSolution
		HideSolutionNode = FALSE
	EndGlobalSection
	GlobalSection(ExtensibilityGlobals) = postSolution
		SolutionGuid = {67FA74D4-E115-4AB4-9171-A21412FDB619}
	EndGlobalSection
EndGlobal
